{
	"name": "project",
	"lockfileVersion": 3,
	"requires": true,
	"packages": {
		"": {
			"name": "project",
			"devDependencies": {
				"@biomejs/biome": "1.9.3",
				"oxlint": "^0.9.9",
				"rolldown": "^0.13.2",
				"typescript": "^5.6.2"
			}
		},
		"node_modules/@biomejs/biome": {
			"version": "1.9.3",
			"resolved": "https://registry.npmjs.org/@biomejs/biome/-/biome-1.9.3.tgz",
			"integrity": "sha512-POjAPz0APAmX33WOQFGQrwLvlu7WLV4CFJMlB12b6ZSg+2q6fYu9kZwLCOA+x83zXfcPd1RpuWOKJW0GbBwLIQ==",
			"dev": true,
			"hasInstallScript": true,
			"bin": {
				"biome": "bin/biome"
			},
			"engines": {
				"node": ">=14.21.3"
			},
			"funding": {
				"type": "opencollective",
				"url": "https://opencollective.com/biome"
			},
			"optionalDependencies": {
				"@biomejs/cli-darwin-arm64": "1.9.3",
				"@biomejs/cli-darwin-x64": "1.9.3",
				"@biomejs/cli-linux-arm64": "1.9.3",
				"@biomejs/cli-linux-arm64-musl": "1.9.3",
				"@biomejs/cli-linux-x64": "1.9.3",
				"@biomejs/cli-linux-x64-musl": "1.9.3",
				"@biomejs/cli-win32-arm64": "1.9.3",
				"@biomejs/cli-win32-x64": "1.9.3"
			}
		},
		"node_modules/@biomejs/cli-darwin-arm64": {
			"version": "1.9.3",
			"resolved": "https://registry.npmjs.org/@biomejs/cli-darwin-arm64/-/cli-darwin-arm64-1.9.3.tgz",
			"integrity": "sha512-QZzD2XrjJDUyIZK+aR2i5DDxCJfdwiYbUKu9GzkCUJpL78uSelAHAPy7m0GuPMVtF/Uo+OKv97W3P9nuWZangQ==",
			"cpu": [
				"arm64"
			],
			"dev": true,
			"optional": true,
			"os": [
				"darwin"
			],
			"engines": {
				"node": ">=14.21.3"
			}
		},
		"node_modules/@biomejs/cli-darwin-x64": {
			"version": "1.9.3",
			"resolved": "https://registry.npmjs.org/@biomejs/cli-darwin-x64/-/cli-darwin-x64-1.9.3.tgz",
			"integrity": "sha512-vSCoIBJE0BN3SWDFuAY/tRavpUtNoqiceJ5PrU3xDfsLcm/U6N93JSM0M9OAiC/X7mPPfejtr6Yc9vSgWlEgVw==",
			"cpu": [
				"x64"
			],
			"dev": true,
			"optional": true,
			"os": [
				"darwin"
			],
			"engines": {
				"node": ">=14.21.3"
			}
		},
		"node_modules/@biomejs/cli-linux-arm64": {
			"version": "1.9.3",
			"resolved": "https://registry.npmjs.org/@biomejs/cli-linux-arm64/-/cli-linux-arm64-1.9.3.tgz",
			"integrity": "sha512-vJkAimD2+sVviNTbaWOGqEBy31cW0ZB52KtpVIbkuma7PlfII3tsLhFa+cwbRAcRBkobBBhqZ06hXoZAN8NODQ==",
			"cpu": [
				"arm64"
			],
			"dev": true,
			"optional": true,
			"os": [
				"linux"
			],
			"engines": {
				"node": ">=14.21.3"
			}
		},
		"node_modules/@biomejs/cli-linux-arm64-musl": {
			"version": "1.9.3",
			"resolved": "https://registry.npmjs.org/@biomejs/cli-linux-arm64-musl/-/cli-linux-arm64-musl-1.9.3.tgz",
			"integrity": "sha512-VBzyhaqqqwP3bAkkBrhVq50i3Uj9+RWuj+pYmXrMDgjS5+SKYGE56BwNw4l8hR3SmYbLSbEo15GcV043CDSk+Q==",
			"cpu": [
				"arm64"
			],
			"dev": true,
			"optional": true,
			"os": [
				"linux"
			],
			"engines": {
				"node": ">=14.21.3"
			}
		},
		"node_modules/@biomejs/cli-linux-x64": {
			"version": "1.9.3",
			"resolved": "https://registry.npmjs.org/@biomejs/cli-linux-x64/-/cli-linux-x64-1.9.3.tgz",
			"integrity": "sha512-x220V4c+romd26Mu1ptU+EudMXVS4xmzKxPVb9mgnfYlN4Yx9vD5NZraSx/onJnd3Gh/y8iPUdU5CDZJKg9COA==",
			"cpu": [
				"x64"
			],
			"dev": true,
			"optional": true,
			"os": [
				"linux"
			],
			"engines": {
				"node": ">=14.21.3"
			}
		},
		"node_modules/@biomejs/cli-linux-x64-musl": {
			"version": "1.9.3",
			"resolved": "https://registry.npmjs.org/@biomejs/cli-linux-x64-musl/-/cli-linux-x64-musl-1.9.3.tgz",
			"integrity": "sha512-TJmnOG2+NOGM72mlczEsNki9UT+XAsMFAOo8J0me/N47EJ/vkLXxf481evfHLlxMejTY6IN8SdRSiPVLv6AHlA==",
			"cpu": [
				"x64"
			],
			"dev": true,
			"optional": true,
			"os": [
				"linux"
			],
			"engines": {
				"node": ">=14.21.3"
			}
		},
		"node_modules/@biomejs/cli-win32-arm64": {
			"version": "1.9.3",
			"resolved": "https://registry.npmjs.org/@biomejs/cli-win32-arm64/-/cli-win32-arm64-1.9.3.tgz",
			"integrity": "sha512-lg/yZis2HdQGsycUvHWSzo9kOvnGgvtrYRgoCEwPBwwAL8/6crOp3+f47tPwI/LI1dZrhSji7PNsGKGHbwyAhw==",
			"cpu": [
				"arm64"
			],
			"dev": true,
			"optional": true,
			"os": [
				"win32"
			],
			"engines": {
				"node": ">=14.21.3"
			}
		},
		"node_modules/@biomejs/cli-win32-x64": {
			"version": "1.9.3",
			"resolved": "https://registry.npmjs.org/@biomejs/cli-win32-x64/-/cli-win32-x64-1.9.3.tgz",
			"integrity": "sha512-cQMy2zanBkVLpmmxXdK6YePzmZx0s5Z7KEnwmrW54rcXK3myCNbQa09SwGZ8i/8sLw0H9F3X7K4rxVNGU8/D4Q==",
			"cpu": [
				"x64"
			],
			"dev": true,
			"optional": true,
			"os": [
				"win32"
			],
			"engines": {
				"node": ">=14.21.3"
			}
		},
		"node_modules/@emnapi/core": {
			"version": "1.3.0",
			"resolved": "https://registry.npmjs.org/@emnapi/core/-/core-1.3.0.tgz",
			"integrity": "sha512-9hRqVlhwqBqCoToZ3hFcNVqL+uyHV06Y47ax4UB8L6XgVRqYz7MFnfessojo6+5TK89pKwJnpophwjTMOeKI9Q==",
			"dev": true,
			"optional": true,
			"dependencies": {
				"@emnapi/wasi-threads": "1.0.1",
				"tslib": "^2.4.0"
			}
		},
		"node_modules/@emnapi/runtime": {
			"version": "1.3.0",
			"resolved": "https://registry.npmjs.org/@emnapi/runtime/-/runtime-1.3.0.tgz",
			"integrity": "sha512-XMBySMuNZs3DM96xcJmLW4EfGnf+uGmFNjzpehMjuX5PLB5j87ar2Zc4e3PVeZ3I5g3tYtAqskB28manlF69Zw==",
			"dev": true,
			"optional": true,
			"dependencies": {
				"tslib": "^2.4.0"
			}
		},
		"node_modules/@emnapi/wasi-threads": {
			"version": "1.0.1",
			"resolved": "https://registry.npmjs.org/@emnapi/wasi-threads/-/wasi-threads-1.0.1.tgz",
			"integrity": "sha512-iIBu7mwkq4UQGeMEM8bLwNK962nXdhodeScX4slfQnRhEMMzvYivHhutCIk8uojvmASXXPC2WNEjwxFWk72Oqw==",
			"dev": true,
			"optional": true,
			"dependencies": {
				"tslib": "^2.4.0"
			}
		},
		"node_modules/@napi-rs/wasm-runtime": {
			"version": "0.2.5",
			"resolved": "https://registry.npmjs.org/@napi-rs/wasm-runtime/-/wasm-runtime-0.2.5.tgz",
			"integrity": "sha512-kwUxR7J9WLutBbulqg1dfOrMTwhMdXLdcGUhcbCcGwnPLt3gz19uHVdwH1syKVDbE022ZS2vZxOWflFLS0YTjw==",
			"dev": true,
			"optional": true,
			"dependencies": {
				"@emnapi/core": "^1.1.0",
				"@emnapi/runtime": "^1.1.0",
				"@tybys/wasm-util": "^0.9.0"
			}
		},
		"node_modules/@oxlint/darwin-arm64": {
			"version": "0.9.9",
			"resolved": "https://registry.npmjs.org/@oxlint/darwin-arm64/-/darwin-arm64-0.9.9.tgz",
			"integrity": "sha512-My2KfUByjRl49p0rr/Glx9Y/hjney1uFk0JXNjwHqYToHqO9fY/IZ6XT1fdw9sX+1hdpq9bmj88rnkpvu0/cRw==",
			"cpu": [
				"arm64"
			],
			"dev": true,
			"optional": true,
			"os": [
				"darwin"
			]
		},
		"node_modules/@oxlint/darwin-x64": {
			"version": "0.9.9",
			"resolved": "https://registry.npmjs.org/@oxlint/darwin-x64/-/darwin-x64-0.9.9.tgz",
			"integrity": "sha512-k0r0t+MAzrk8yWs0nxyD9Skfb+Ozmu6HRMTJIsUTLV4AKMt9CZBlLVS0OXzXHi72AOHz3UUve5rXxevVVY9lHQ==",
			"cpu": [
				"x64"
			],
			"dev": true,
			"optional": true,
			"os": [
				"darwin"
			]
		},
		"node_modules/@oxlint/linux-arm64-gnu": {
			"version": "0.9.9",
			"resolved": "https://registry.npmjs.org/@oxlint/linux-arm64-gnu/-/linux-arm64-gnu-0.9.9.tgz",
			"integrity": "sha512-atiotr1pN3rr0i7Ww3SpOEOvkFex97S8GwYmiTlSng0kp+FSIZD6Kjlr9k3oayf9RZUDRuAE4WptwV1KYLvIDw==",
			"cpu": [
				"arm64"
			],
			"dev": true,
			"optional": true,
			"os": [
				"linux"
			]
		},
		"node_modules/@oxlint/linux-arm64-musl": {
			"version": "0.9.9",
			"resolved": "https://registry.npmjs.org/@oxlint/linux-arm64-musl/-/linux-arm64-musl-0.9.9.tgz",
			"integrity": "sha512-vmd6Eog6WiudMTT0Fa8u5N+47caaWF2KVUHOSEV/d/WauVx+ZOR9z1LEM+54AZwn3Z2TbtFOJDiz7iDukZPbfw==",
			"cpu": [
				"arm64"
			],
			"dev": true,
			"optional": true,
			"os": [
				"linux"
			]
		},
		"node_modules/@oxlint/linux-x64-gnu": {
			"version": "0.9.9",
			"resolved": "https://registry.npmjs.org/@oxlint/linux-x64-gnu/-/linux-x64-gnu-0.9.9.tgz",
			"integrity": "sha512-AUmSRerK4VXIMcTYYk25KGoOU2/z+NGItUhI6nJgMFktrbF8MUD6hlf3vaQZNle454z7FDJNSjARM0bB+xpBiQ==",
			"cpu": [
				"x64"
			],
			"dev": true,
			"optional": true,
			"os": [
				"linux"
			]
		},
		"node_modules/@oxlint/linux-x64-musl": {
			"version": "0.9.9",
			"resolved": "https://registry.npmjs.org/@oxlint/linux-x64-musl/-/linux-x64-musl-0.9.9.tgz",
			"integrity": "sha512-jQYIx5KUYbpXbXBFPgIwRPLSm3AO5wa+32BQYASIOCPcsPywV+HJKbQpzmWqXDYel6hrifmIxspgxHhGMlHJ1Q==",
			"cpu": [
				"x64"
			],
			"dev": true,
			"optional": true,
			"os": [
				"linux"
			]
		},
		"node_modules/@oxlint/win32-arm64": {
			"version": "0.9.9",
			"resolved": "https://registry.npmjs.org/@oxlint/win32-arm64/-/win32-arm64-0.9.9.tgz",
			"integrity": "sha512-HSOztIKmiivfUAoxGx4qyerYV+aAXGvKbwWf8j4RorAEg2WWBdhVe9XHoSdqgYsOBi1515+YXxXiSRX3F/0xAg==",
			"cpu": [
				"arm64"
			],
			"dev": true,
			"optional": true,
			"os": [
				"win32"
			]
		},
		"node_modules/@oxlint/win32-x64": {
			"version": "0.9.9",
			"resolved": "https://registry.npmjs.org/@oxlint/win32-x64/-/win32-x64-0.9.9.tgz",
			"integrity": "sha512-T1/tNxqoYd/MMqi1dhSVzAVL0ZINvXDBEQWm6OCSrrjRM6c9UQydTzsgLWfvm9uHWngcMuRGXhN3F+D6KEYs3w==",
			"cpu": [
				"x64"
			],
			"dev": true,
			"optional": true,
			"os": [
				"win32"
			]
		},
		"node_modules/@rolldown/binding-darwin-arm64": {
			"version": "0.13.2",
			"resolved": "https://registry.npmjs.org/@rolldown/binding-darwin-arm64/-/binding-darwin-arm64-0.13.2.tgz",
			"integrity": "sha512-84C2ITL3AmuCZmBSrRy6Z38pwBGQqHIhCp5gVGIP7U20tUVJMFj2g8gt608e9kltkRxw4PM3vSujRAoN5PsGuA==",
			"cpu": [
				"arm64"
			],
			"dev": true,
			"optional": true,
			"os": [
				"darwin"
			]
		},
		"node_modules/@rolldown/binding-darwin-x64": {
			"version": "0.13.2",
			"resolved": "https://registry.npmjs.org/@rolldown/binding-darwin-x64/-/binding-darwin-x64-0.13.2.tgz",
			"integrity": "sha512-h1zv1C+RJ8xzlohUNdbtXayh3/fcxsp7RjeahfPDM/FEtFCmuM7WZBiAuF0TklKYqgs2YwGl8iA3gpnGuhzgFg==",
			"cpu": [
				"x64"
			],
			"dev": true,
			"optional": true,
			"os": [
				"darwin"
			]
		},
		"node_modules/@rolldown/binding-freebsd-x64": {
			"version": "0.13.2",
			"resolved": "https://registry.npmjs.org/@rolldown/binding-freebsd-x64/-/binding-freebsd-x64-0.13.2.tgz",
			"integrity": "sha512-VGBwYe/fgnIG7SWXPr6VOTPrr5d0fjYCoqM/abhUt729L3nlSaAaJOmcOvOg40KcrSJIEGgt+R0DcGNKuJ0kwA==",
			"cpu": [
				"x64"
			],
			"dev": true,
			"optional": true,
			"os": [
				"freebsd"
			]
		},
		"node_modules/@rolldown/binding-linux-arm-gnueabihf": {
			"version": "0.13.2",
			"resolved": "https://registry.npmjs.org/@rolldown/binding-linux-arm-gnueabihf/-/binding-linux-arm-gnueabihf-0.13.2.tgz",
			"integrity": "sha512-thIyywEvUlEgRlG6s0GBH04eFGKsHl59HTsL6nlILbeafizuPOw2oY+jf1NZ117ju083W5Uo6htqxKBzBeOUpg==",
			"cpu": [
				"arm"
			],
			"dev": true,
			"optional": true,
			"os": [
				"linux"
			]
		},
		"node_modules/@rolldown/binding-linux-arm64-gnu": {
			"version": "0.13.2",
			"resolved": "https://registry.npmjs.org/@rolldown/binding-linux-arm64-gnu/-/binding-linux-arm64-gnu-0.13.2.tgz",
			"integrity": "sha512-wTg4GKHFTcjlY+5jLycweIm95ttfQj3BFNxY28Y3uIaIxonF6hwFw15yz4MyhCqL0S3DV9wRcgxZemdykil+eA==",
			"cpu": [
				"arm64"
			],
			"dev": true,
			"optional": true,
			"os": [
				"linux"
			]
		},
		"node_modules/@rolldown/binding-linux-arm64-musl": {
			"version": "0.13.2",
			"resolved": "https://registry.npmjs.org/@rolldown/binding-linux-arm64-musl/-/binding-linux-arm64-musl-0.13.2.tgz",
			"integrity": "sha512-9g180TIoU8U/CBbL8Ci6duuO6cvAL9misrJV5ng1G2QD7XNVrp9FG+mXbbmPuJSCz4ZjXDlM3RnpOwhmBuc+HQ==",
			"cpu": [
				"arm64"
			],
			"dev": true,
			"optional": true,
			"os": [
				"linux"
			]
		},
		"node_modules/@rolldown/binding-linux-x64-gnu": {
			"version": "0.13.2",
			"resolved": "https://registry.npmjs.org/@rolldown/binding-linux-x64-gnu/-/binding-linux-x64-gnu-0.13.2.tgz",
			"integrity": "sha512-cmXSW6lNCq7lmggGZFucezfDqCC3XkMnzCuM6uYJMX11PU6/HS0xRTL7FjAQAwtUNyhI5/OgOv5KSqfQhHodsQ==",
			"cpu": [
				"x64"
			],
			"dev": true,
			"optional": true,
			"os": [
				"linux"
			]
		},
		"node_modules/@rolldown/binding-linux-x64-musl": {
			"version": "0.13.2",
			"resolved": "https://registry.npmjs.org/@rolldown/binding-linux-x64-musl/-/binding-linux-x64-musl-0.13.2.tgz",
			"integrity": "sha512-Y157t4Vjyo253GbjdjMHcJfeaVhcLFZ49qcWkdjRx65rzggKyXVx1C8NFX0ER1Fyse/ZP60bhOvhlq5+R1wxnA==",
			"cpu": [
				"x64"
			],
			"dev": true,
			"optional": true,
			"os": [
				"linux"
			]
		},
		"node_modules/@rolldown/binding-wasm32-wasi": {
			"version": "0.13.2",
			"resolved": "https://registry.npmjs.org/@rolldown/binding-wasm32-wasi/-/binding-wasm32-wasi-0.13.2.tgz",
			"integrity": "sha512-o3vLuYsBYcNjkPQcgzValjeQILeuZ0YdzimHXABaCliGKHLVRcZv/yH3WDQ9SSBf7lK6cYSzHSInlcYqETqxWg==",
			"cpu": [
				"wasm32"
			],
			"dev": true,
			"optional": true,
			"dependencies": {
				"@napi-rs/wasm-runtime": "^0.2.4"
			},
			"engines": {
				"node": ">=14.21.3"
			}
		},
		"node_modules/@rolldown/binding-win32-arm64-msvc": {
			"version": "0.13.2",
			"resolved": "https://registry.npmjs.org/@rolldown/binding-win32-arm64-msvc/-/binding-win32-arm64-msvc-0.13.2.tgz",
			"integrity": "sha512-Czx5vzeFKOmW9AbPirP3kEJ390P9esiRhkHotVtfiPeRPz3gh6pKUiMxbeZqyvxB+3cDzbPftMtGIH9D/DylBA==",
			"cpu": [
				"arm64"
			],
			"dev": true,
			"optional": true,
			"os": [
				"win32"
			]
		},
		"node_modules/@rolldown/binding-win32-ia32-msvc": {
			"version": "0.13.2",
			"resolved": "https://registry.npmjs.org/@rolldown/binding-win32-ia32-msvc/-/binding-win32-ia32-msvc-0.13.2.tgz",
			"integrity": "sha512-2cHEcOnHMhsTp+7eMsTcqypr+Wt82HFEuhfwyxSI1TOGHOwqYMPis842qGhRjg2/y0jD9WYTNflnSTWAYBrVDQ==",
			"cpu": [
				"ia32"
			],
			"dev": true,
			"optional": true,
			"os": [
				"win32"
			]
		},
		"node_modules/@rolldown/binding-win32-x64-msvc": {
			"version": "0.13.2",
			"resolved": "https://registry.npmjs.org/@rolldown/binding-win32-x64-msvc/-/binding-win32-x64-msvc-0.13.2.tgz",
			"integrity": "sha512-P6Sd579+ZGEZaF05XHKE6RdPe27YlrEa1FeujcI9job+xtq3hpJ/ebKTYPqcEMt05ssR5Ervmbz5SHsrOes1wQ==",
			"cpu": [
				"x64"
			],
			"dev": true,
			"optional": true,
			"os": [
				"win32"
			]
		},
		"node_modules/@tybys/wasm-util": {
			"version": "0.9.0",
			"resolved": "https://registry.npmjs.org/@tybys/wasm-util/-/wasm-util-0.9.0.tgz",
			"integrity": "sha512-6+7nlbMVX/PVDCwaIQ8nTOPveOcFLSt8GcXdx8hD0bt39uWxYT88uXzqTd4fTvqta7oeUJqudepapKNt2DYJFw==",
			"dev": true,
			"optional": true,
			"dependencies": {
				"tslib": "^2.4.0"
			}
		},
		"node_modules/oxlint": {
			"version": "0.9.9",
			"resolved": "https://registry.npmjs.org/oxlint/-/oxlint-0.9.9.tgz",
			"integrity": "sha512-EqUmSKgnU7KNCi29uFe5MQnUZ0GH569Inkry/e84k4lwVRv1QuDr4DHLpu0cXBN2atwhKf1Szk/3uxmB2qgPbw==",
			"dev": true,
			"bin": {
				"oxc_language_server": "bin/oxc_language_server",
				"oxlint": "bin/oxlint"
			},
			"engines": {
				"node": ">=14.*"
			},
			"funding": {
				"url": "https://github.com/sponsors/Boshen"
			},
			"optionalDependencies": {
				"@oxlint/darwin-arm64": "0.9.9",
				"@oxlint/darwin-x64": "0.9.9",
				"@oxlint/linux-arm64-gnu": "0.9.9",
				"@oxlint/linux-arm64-musl": "0.9.9",
				"@oxlint/linux-x64-gnu": "0.9.9",
				"@oxlint/linux-x64-musl": "0.9.9",
				"@oxlint/win32-arm64": "0.9.9",
				"@oxlint/win32-x64": "0.9.9"
			}
		},
		"node_modules/rolldown": {
			"version": "0.13.2",
			"resolved": "https://registry.npmjs.org/rolldown/-/rolldown-0.13.2.tgz",
			"integrity": "sha512-vIWIgy7LR82EU/Gv8/iUJOT6Kq/o/72mv0DEYJAlkmOTABN5S9DkWgScDUzy1s0gLiFzh220qRNfWYTdKaZ8IQ==",
			"dev": true,
			"dependencies": {
				"zod": "^3.23.8"
			},
			"bin": {
				"rolldown": "bin/cli.js"
			},
			"optionalDependencies": {
				"@rolldown/binding-darwin-arm64": "0.13.2",
				"@rolldown/binding-darwin-x64": "0.13.2",
				"@rolldown/binding-freebsd-x64": "0.13.2",
				"@rolldown/binding-linux-arm-gnueabihf": "0.13.2",
				"@rolldown/binding-linux-arm64-gnu": "0.13.2",
				"@rolldown/binding-linux-arm64-musl": "0.13.2",
				"@rolldown/binding-linux-x64-gnu": "0.13.2",
				"@rolldown/binding-linux-x64-musl": "0.13.2",
				"@rolldown/binding-wasm32-wasi": "0.13.2",
				"@rolldown/binding-win32-arm64-msvc": "0.13.2",
				"@rolldown/binding-win32-ia32-msvc": "0.13.2",
				"@rolldown/binding-win32-x64-msvc": "0.13.2"
			}
		},
		"node_modules/tslib": {
			"version": "2.7.0",
			"resolved": "https://registry.npmjs.org/tslib/-/tslib-2.7.0.tgz",
			"integrity": "sha512-gLXCKdN1/j47AiHiOkJN69hJmcbGTHI0ImLmbYLHykhgeN0jVGola9yVjFgzCUklsZQMW55o+dW7IXv3RCXDzA==",
			"dev": true,
			"optional": true
		},
		"node_modules/typescript": {
			"version": "5.6.2",
			"resolved": "https://registry.npmjs.org/typescript/-/typescript-5.6.2.tgz",
			"integrity": "sha512-NW8ByodCSNCwZeghjN3o+JX5OFH0Ojg6sadjEKY4huZ52TqbJTJnDo5+Tw98lSy63NZvi4n+ez5m2u5d4PkZyw==",
			"dev": true,
			"bin": {
				"tsc": "bin/tsc",
				"tsserver": "bin/tsserver"
			},
			"engines": {
				"node": ">=14.17"
			}
		},
		"node_modules/zod": {
			"version": "3.23.8",
			"resolved": "https://registry.npmjs.org/zod/-/zod-3.23.8.tgz",
			"integrity": "sha512-XBx9AXhXktjUqnepgTiE5flcKIYWi/rme0Eaj+5Y0lftuGBq+jyRu/md4WnuxqgP1ubdpNCsYEYPxrzVHD8d6g==",
			"dev": true,
			"funding": {
				"url": "https://github.com/sponsors/colinhacks"
			}
		}
	}
}
